// !$*UTF8*$!
{
	archiveVersion = 1;
	classes = {
	};
	objectVersion = 46;
	objects = {

/* Begin PBXBuildFile section */
		87A4A5101B1C4A6100E36140 /* AppDelegate.swift in Sources */ = {isa = PBXBuildFile; fileRef = 87A4A50F1B1C4A6100E36140 /* AppDelegate.swift */; };
		87A4A5131B1C4A6100E36140 /* Weixin.xcdatamodeld in Sources */ = {isa = PBXBuildFile; fileRef = 87A4A5111B1C4A6100E36140 /* Weixin.xcdatamodeld */; };
		87A4A5181B1C4A6100E36140 /* Main.storyboard in Resources */ = {isa = PBXBuildFile; fileRef = 87A4A5161B1C4A6100E36140 /* Main.storyboard */; };
		87A4A51A1B1C4A6100E36140 /* Images.xcassets in Resources */ = {isa = PBXBuildFile; fileRef = 87A4A5191B1C4A6100E36140 /* Images.xcassets */; };
		87A4A51D1B1C4A6100E36140 /* LaunchScreen.xib in Resources */ = {isa = PBXBuildFile; fileRef = 87A4A51B1B1C4A6100E36140 /* LaunchScreen.xib */; };
		87A4A5291B1C4A6100E36140 /* WeixinTests.swift in Sources */ = {isa = PBXBuildFile; fileRef = 87A4A5281B1C4A6100E36140 /* WeixinTests.swift */; };
		87A4A5331B1C4FB100E36140 /* BuudyListTableViewController.swift in Sources */ = {isa = PBXBuildFile; fileRef = 87A4A5321B1C4FB100E36140 /* BuudyListTableViewController.swift */; };
		87A4A5351B1C505100E36140 /* LoginViewController.swift in Sources */ = {isa = PBXBuildFile; fileRef = 87A4A5341B1C505100E36140 /* LoginViewController.swift */; };
		87A4A5371B1C523300E36140 /* ChatViewController.swift in Sources */ = {isa = PBXBuildFile; fileRef = 87A4A5361B1C523300E36140 /* ChatViewController.swift */; };
		87A4A5391B1C53BB00E36140 /* Constants.swift in Sources */ = {isa = PBXBuildFile; fileRef = 87A4A5381B1C53BB00E36140 /* Constants.swift */; };
		87A4B0C91B1C5D7500E36140 /* CoreLocation.framework in Frameworks */ = {isa = PBXBuildFile; fileRef = 87A4B0C81B1C5D7500E36140 /* CoreLocation.framework */; };
		87A4B0CB1B1C5D8300E36140 /* SystemConfiguration.framework in Frameworks */ = {isa = PBXBuildFile; fileRef = 87A4B0CA1B1C5D8300E36140 /* SystemConfiguration.framework */; };
		87A4B0CD1B1C5D8C00E36140 /* CoreData.framework in Frameworks */ = {isa = PBXBuildFile; fileRef = 87A4B0CC1B1C5D8C00E36140 /* CoreData.framework */; };
		87A4B0CF1B1C5D9B00E36140 /* libresolv.dylib in Frameworks */ = {isa = PBXBuildFile; fileRef = 87A4B0CE1B1C5D9B00E36140 /* libresolv.dylib */; };
		87A4B0D11B1C5DA400E36140 /* CFNetwork.framework in Frameworks */ = {isa = PBXBuildFile; fileRef = 87A4B0D01B1C5DA400E36140 /* CFNetwork.framework */; };
		87A4B0D31B1C5DAF00E36140 /* libxml2.dylib in Frameworks */ = {isa = PBXBuildFile; fileRef = 87A4B0D21B1C5DAF00E36140 /* libxml2.dylib */; };
		87A4B0D51B1C5DB600E36140 /* UIKit.framework in Frameworks */ = {isa = PBXBuildFile; fileRef = 87A4B0D41B1C5DB600E36140 /* UIKit.framework */; };
		87A4B0D71B1C5DBF00E36140 /* Foundation.framework in Frameworks */ = {isa = PBXBuildFile; fileRef = 87A4B0D61B1C5DBE00E36140 /* Foundation.framework */; };
		87A4B0D91B1C5DC700E36140 /* CoreGraphics.framework in Frameworks */ = {isa = PBXBuildFile; fileRef = 87A4B0D81B1C5DC700E36140 /* CoreGraphics.framework */; };
		87A4BCAC1B1C6BC300E36140 /* XMPPAnonymousAuthentication.m in Sources */ = {isa = PBXBuildFile; fileRef = 87A4B8221B1C6BBE00E36140 /* XMPPAnonymousAuthentication.m */; };
		87A4BCAD1B1C6BC300E36140 /* XMPPDeprecatedDigestAuthentication.m in Sources */ = {isa = PBXBuildFile; fileRef = 87A4B8251B1C6BBE00E36140 /* XMPPDeprecatedDigestAuthentication.m */; };
		87A4BCAE1B1C6BC300E36140 /* XMPPDeprecatedPlainAuthentication.m in Sources */ = {isa = PBXBuildFile; fileRef = 87A4B8281B1C6BBE00E36140 /* XMPPDeprecatedPlainAuthentication.m */; };
		87A4BCAF1B1C6BC300E36140 /* XMPPDigestMD5Authentication.m in Sources */ = {isa = PBXBuildFile; fileRef = 87A4B82B1B1C6BBE00E36140 /* XMPPDigestMD5Authentication.m */; };
		87A4BCB01B1C6BC300E36140 /* XMPPPlainAuthentication.m in Sources */ = {isa = PBXBuildFile; fileRef = 87A4B82E1B1C6BBE00E36140 /* XMPPPlainAuthentication.m */; };
		87A4BCB11B1C6BC300E36140 /* XMPPSCRAMSHA1Authentication.m in Sources */ = {isa = PBXBuildFile; fileRef = 87A4B8311B1C6BBE00E36140 /* XMPPSCRAMSHA1Authentication.m */; };
		87A4BCB21B1C6BC300E36140 /* XMPPXFacebookPlatformAuthentication.m in Sources */ = {isa = PBXBuildFile; fileRef = 87A4B8341B1C6BBE00E36140 /* XMPPXFacebookPlatformAuthentication.m */; };
		87A4BCB31B1C6BC300E36140 /* XMPPXOAuth2Google.m in Sources */ = {isa = PBXBuildFile; fileRef = 87A4B8371B1C6BBE00E36140 /* XMPPXOAuth2Google.m */; };
		87A4BCB41B1C6BC300E36140 /* NSData+XMPP.m in Sources */ = {isa = PBXBuildFile; fileRef = 87A4B83C1B1C6BBE00E36140 /* NSData+XMPP.m */; };
		87A4BCB51B1C6BC300E36140 /* NSNumber+XMPP.m in Sources */ = {isa = PBXBuildFile; fileRef = 87A4B83E1B1C6BBE00E36140 /* NSNumber+XMPP.m */; };
		87A4BCB61B1C6BC300E36140 /* NSXMLElement+XMPP.m in Sources */ = {isa = PBXBuildFile; fileRef = 87A4B8401B1C6BBE00E36140 /* NSXMLElement+XMPP.m */; };
		87A4BCB71B1C6BC300E36140 /* XMPPConstants.m in Sources */ = {isa = PBXBuildFile; fileRef = 87A4B8441B1C6BBE00E36140 /* XMPPConstants.m */; };
		87A4BCB81B1C6BC300E36140 /* XMPPElement.m in Sources */ = {isa = PBXBuildFile; fileRef = 87A4B8461B1C6BBE00E36140 /* XMPPElement.m */; };
		87A4BCB91B1C6BC300E36140 /* XMPPIQ.m in Sources */ = {isa = PBXBuildFile; fileRef = 87A4B8491B1C6BBE00E36140 /* XMPPIQ.m */; };
		87A4BCBA1B1C6BC300E36140 /* XMPPJID.m in Sources */ = {isa = PBXBuildFile; fileRef = 87A4B84B1B1C6BBE00E36140 /* XMPPJID.m */; };
		87A4BCBB1B1C6BC300E36140 /* XMPPMessage.m in Sources */ = {isa = PBXBuildFile; fileRef = 87A4B84E1B1C6BBE00E36140 /* XMPPMessage.m */; };
		87A4BCBC1B1C6BC300E36140 /* XMPPModule.m in Sources */ = {isa = PBXBuildFile; fileRef = 87A4B8501B1C6BBE00E36140 /* XMPPModule.m */; };
		87A4BCBD1B1C6BC300E36140 /* XMPPParser.m in Sources */ = {isa = PBXBuildFile; fileRef = 87A4B8521B1C6BBE00E36140 /* XMPPParser.m */; };
		87A4BCBE1B1C6BC300E36140 /* XMPPPresence.m in Sources */ = {isa = PBXBuildFile; fileRef = 87A4B8541B1C6BBE00E36140 /* XMPPPresence.m */; };
		87A4BCBF1B1C6BC300E36140 /* XMPPStream.m in Sources */ = {isa = PBXBuildFile; fileRef = 87A4B8561B1C6BBE00E36140 /* XMPPStream.m */; };
		87A4BCC01B1C6BC300E36140 /* DDList.m in Sources */ = {isa = PBXBuildFile; fileRef = 87A4B8591B1C6BBE00E36140 /* DDList.m */; };
		87A4BCC11B1C6BC300E36140 /* GCDMulticastDelegate.m in Sources */ = {isa = PBXBuildFile; fileRef = 87A4B85B1B1C6BBE00E36140 /* GCDMulticastDelegate.m */; };
		87A4BCC21B1C6BC300E36140 /* RFImageToDataTransformer.m in Sources */ = {isa = PBXBuildFile; fileRef = 87A4B85D1B1C6BBE00E36140 /* RFImageToDataTransformer.m */; };
		87A4BCC31B1C6BC300E36140 /* XMPPIDTracker.m in Sources */ = {isa = PBXBuildFile; fileRef = 87A4B85F1B1C6BBE00E36140 /* XMPPIDTracker.m */; };
		87A4BCC41B1C6BC300E36140 /* XMPPSRVResolver.m in Sources */ = {isa = PBXBuildFile; fileRef = 87A4B8611B1C6BBE00E36140 /* XMPPSRVResolver.m */; };
		87A4BCC51B1C6BC300E36140 /* XMPPStringPrep.m in Sources */ = {isa = PBXBuildFile; fileRef = 87A4B8631B1C6BBE00E36140 /* XMPPStringPrep.m */; };
		87A4BCC61B1C6BC300E36140 /* XMPPTimer.m in Sources */ = {isa = PBXBuildFile; fileRef = 87A4B8651B1C6BBE00E36140 /* XMPPTimer.m */; };
		87A4BCC71B1C6BC300E36140 /* GCDAsyncSocket.m in Sources */ = {isa = PBXBuildFile; fileRef = 87A4B8691B1C6BBE00E36140 /* GCDAsyncSocket.m */; };
		87A4BCC81B1C6BC300E36140 /* DDAbstractDatabaseLogger.m in Sources */ = {isa = PBXBuildFile; fileRef = 87A4B86C1B1C6BBE00E36140 /* DDAbstractDatabaseLogger.m */; };
		87A4BCC91B1C6BC300E36140 /* DDASLLogger.m in Sources */ = {isa = PBXBuildFile; fileRef = 87A4B86E1B1C6BBE00E36140 /* DDASLLogger.m */; };
		87A4BCCA1B1C6BC300E36140 /* DDFileLogger.m in Sources */ = {isa = PBXBuildFile; fileRef = 87A4B8701B1C6BBE00E36140 /* DDFileLogger.m */; };
		87A4BCCB1B1C6BC300E36140 /* DDLog.m in Sources */ = {isa = PBXBuildFile; fileRef = 87A4B8731B1C6BBE00E36140 /* DDLog.m */; };
		87A4BCCC1B1C6BC300E36140 /* DDTTYLogger.m in Sources */ = {isa = PBXBuildFile; fileRef = 87A4B8751B1C6BBE00E36140 /* DDTTYLogger.m */; };
		87A4BCCD1B1C6BC300E36140 /* DDContextFilterLogFormatter.m in Sources */ = {isa = PBXBuildFile; fileRef = 87A4B8781B1C6BBE00E36140 /* DDContextFilterLogFormatter.m */; };
		87A4BCCE1B1C6BC300E36140 /* DDDispatchQueueLogFormatter.m in Sources */ = {isa = PBXBuildFile; fileRef = 87A4B87A1B1C6BBE00E36140 /* DDDispatchQueueLogFormatter.m */; };
		87A4BCCF1B1C6BC300E36140 /* DDMultiFormatter.m in Sources */ = {isa = PBXBuildFile; fileRef = 87A4B87C1B1C6BBE00E36140 /* DDMultiFormatter.m */; };
		87A4BCD01B1C6BC300E36140 /* README.txt in Resources */ = {isa = PBXBuildFile; fileRef = 87A4B87D1B1C6BBE00E36140 /* README.txt */; };
		87A4BEF11B1C6BC300E36140 /* NSString+DDXML.m in Sources */ = {isa = PBXBuildFile; fileRef = 87A4BC9D1B1C6BC300E36140 /* NSString+DDXML.m */; };
		87A4BEF21B1C6BC300E36140 /* DDXMLDocument.m in Sources */ = {isa = PBXBuildFile; fileRef = 87A4BCA01B1C6BC300E36140 /* DDXMLDocument.m */; };
		87A4BEF31B1C6BC300E36140 /* DDXMLElement.m in Sources */ = {isa = PBXBuildFile; fileRef = 87A4BCA21B1C6BC300E36140 /* DDXMLElement.m */; };
		87A4BEF41B1C6BC300E36140 /* DDXMLNode.m in Sources */ = {isa = PBXBuildFile; fileRef = 87A4BCA41B1C6BC300E36140 /* DDXMLNode.m */; };
		87A4BEF51B1C6BC300E36140 /* build-libidn.sh in Resources */ = {isa = PBXBuildFile; fileRef = 87A4BCA81B1C6BC300E36140 /* build-libidn.sh */; };
		87A4BEF61B1C6BC300E36140 /* libidn.a in Frameworks */ = {isa = PBXBuildFile; fileRef = 87A4BCAA1B1C6BC300E36140 /* libidn.a */; };
/* End PBXBuildFile section */

/* Begin PBXContainerItemProxy section */
		87A4A5231B1C4A6100E36140 /* PBXContainerItemProxy */ = {
			isa = PBXContainerItemProxy;
			containerPortal = 87A4A5021B1C4A6100E36140 /* Project object */;
			proxyType = 1;
			remoteGlobalIDString = 87A4A5091B1C4A6100E36140;
			remoteInfo = Weixin;
		};
/* End PBXContainerItemProxy section */

/* Begin PBXFileReference section */
		87A4A50A1B1C4A6100E36140 /* Weixin.app */ = {isa = PBXFileReference; explicitFileType = wrapper.application; includeInIndex = 0; path = Weixin.app; sourceTree = BUILT_PRODUCTS_DIR; };
		87A4A50E1B1C4A6100E36140 /* Info.plist */ = {isa = PBXFileReference; lastKnownFileType = text.plist.xml; path = Info.plist; sourceTree = "<group>"; };
		87A4A50F1B1C4A6100E36140 /* AppDelegate.swift */ = {isa = PBXFileReference; lastKnownFileType = sourcecode.swift; path = AppDelegate.swift; sourceTree = "<group>"; };
		87A4A5121B1C4A6100E36140 /* Weixin.xcdatamodel */ = {isa = PBXFileReference; lastKnownFileType = wrapper.xcdatamodel; path = Weixin.xcdatamodel; sourceTree = "<group>"; };
		87A4A5171B1C4A6100E36140 /* Base */ = {isa = PBXFileReference; lastKnownFileType = file.storyboard; name = Base; path = Base.lproj/Main.storyboard; sourceTree = "<group>"; };
		87A4A5191B1C4A6100E36140 /* Images.xcassets */ = {isa = PBXFileReference; lastKnownFileType = folder.assetcatalog; path = Images.xcassets; sourceTree = "<group>"; };
		87A4A51C1B1C4A6100E36140 /* Base */ = {isa = PBXFileReference; lastKnownFileType = file.xib; name = Base; path = Base.lproj/LaunchScreen.xib; sourceTree = "<group>"; };
		87A4A5221B1C4A6100E36140 /* WeixinTests.xctest */ = {isa = PBXFileReference; explicitFileType = wrapper.cfbundle; includeInIndex = 0; path = WeixinTests.xctest; sourceTree = BUILT_PRODUCTS_DIR; };
		87A4A5271B1C4A6100E36140 /* Info.plist */ = {isa = PBXFileReference; lastKnownFileType = text.plist.xml; path = Info.plist; sourceTree = "<group>"; };
		87A4A5281B1C4A6100E36140 /* WeixinTests.swift */ = {isa = PBXFileReference; lastKnownFileType = sourcecode.swift; path = WeixinTests.swift; sourceTree = "<group>"; };
		87A4A5321B1C4FB100E36140 /* BuudyListTableViewController.swift */ = {isa = PBXFileReference; fileEncoding = 4; lastKnownFileType = sourcecode.swift; path = BuudyListTableViewController.swift; sourceTree = "<group>"; };
		87A4A5341B1C505100E36140 /* LoginViewController.swift */ = {isa = PBXFileReference; fileEncoding = 4; lastKnownFileType = sourcecode.swift; path = LoginViewController.swift; sourceTree = "<group>"; };
		87A4A5361B1C523300E36140 /* ChatViewController.swift */ = {isa = PBXFileReference; fileEncoding = 4; lastKnownFileType = sourcecode.swift; path = ChatViewController.swift; sourceTree = "<group>"; };
		87A4A5381B1C53BB00E36140 /* Constants.swift */ = {isa = PBXFileReference; fileEncoding = 4; lastKnownFileType = sourcecode.swift; path = Constants.swift; sourceTree = "<group>"; };
		87A4B0C81B1C5D7500E36140 /* CoreLocation.framework */ = {isa = PBXFileReference; lastKnownFileType = wrapper.framework; name = CoreLocation.framework; path = System/Library/Frameworks/CoreLocation.framework; sourceTree = SDKROOT; };
		87A4B0CA1B1C5D8300E36140 /* SystemConfiguration.framework */ = {isa = PBXFileReference; lastKnownFileType = wrapper.framework; name = SystemConfiguration.framework; path = System/Library/Frameworks/SystemConfiguration.framework; sourceTree = SDKROOT; };
		87A4B0CC1B1C5D8C00E36140 /* CoreData.framework */ = {isa = PBXFileReference; lastKnownFileType = wrapper.framework; name = CoreData.framework; path = System/Library/Frameworks/CoreData.framework; sourceTree = SDKROOT; };
		87A4B0CE1B1C5D9B00E36140 /* libresolv.dylib */ = {isa = PBXFileReference; lastKnownFileType = "compiled.mach-o.dylib"; name = libresolv.dylib; path = usr/lib/libresolv.dylib; sourceTree = SDKROOT; };
		87A4B0D01B1C5DA400E36140 /* CFNetwork.framework */ = {isa = PBXFileReference; lastKnownFileType = wrapper.framework; name = CFNetwork.framework; path = System/Library/Frameworks/CFNetwork.framework; sourceTree = SDKROOT; };
		87A4B0D21B1C5DAF00E36140 /* libxml2.dylib */ = {isa = PBXFileReference; lastKnownFileType = "compiled.mach-o.dylib"; name = libxml2.dylib; path = usr/lib/libxml2.dylib; sourceTree = SDKROOT; };
		87A4B0D41B1C5DB600E36140 /* UIKit.framework */ = {isa = PBXFileReference; lastKnownFileType = wrapper.framework; name = UIKit.framework; path = System/Library/Frameworks/UIKit.framework; sourceTree = SDKROOT; };
		87A4B0D61B1C5DBE00E36140 /* Foundation.framework */ = {isa = PBXFileReference; lastKnownFileType = wrapper.framework; name = Foundation.framework; path = System/Library/Frameworks/Foundation.framework; sourceTree = SDKROOT; };
		87A4B0D81B1C5DC700E36140 /* CoreGraphics.framework */ = {isa = PBXFileReference; lastKnownFileType = wrapper.framework; name = CoreGraphics.framework; path = System/Library/Frameworks/CoreGraphics.framework; sourceTree = SDKROOT; };
		87A4B0E01B1C60BF00E36140 /* wxxmppHeader.h */ = {isa = PBXFileReference; lastKnownFileType = sourcecode.c.h; name = wxxmppHeader.h; path = ../wxxmppHeader.h; sourceTree = "<group>"; };
		87A4B8211B1C6BBE00E36140 /* XMPPAnonymousAuthentication.h */ = {isa = PBXFileReference; fileEncoding = 4; lastKnownFileType = sourcecode.c.h; path = XMPPAnonymousAuthentication.h; sourceTree = "<group>"; };
		87A4B8221B1C6BBE00E36140 /* XMPPAnonymousAuthentication.m */ = {isa = PBXFileReference; fileEncoding = 4; lastKnownFileType = sourcecode.c.objc; path = XMPPAnonymousAuthentication.m; sourceTree = "<group>"; };
		87A4B8241B1C6BBE00E36140 /* XMPPDeprecatedDigestAuthentication.h */ = {isa = PBXFileReference; fileEncoding = 4; lastKnownFileType = sourcecode.c.h; path = XMPPDeprecatedDigestAuthentication.h; sourceTree = "<group>"; };
		87A4B8251B1C6BBE00E36140 /* XMPPDeprecatedDigestAuthentication.m */ = {isa = PBXFileReference; fileEncoding = 4; lastKnownFileType = sourcecode.c.objc; path = XMPPDeprecatedDigestAuthentication.m; sourceTree = "<group>"; };
		87A4B8271B1C6BBE00E36140 /* XMPPDeprecatedPlainAuthentication.h */ = {isa = PBXFileReference; fileEncoding = 4; lastKnownFileType = sourcecode.c.h; path = XMPPDeprecatedPlainAuthentication.h; sourceTree = "<group>"; };
		87A4B8281B1C6BBE00E36140 /* XMPPDeprecatedPlainAuthentication.m */ = {isa = PBXFileReference; fileEncoding = 4; lastKnownFileType = sourcecode.c.objc; path = XMPPDeprecatedPlainAuthentication.m; sourceTree = "<group>"; };
		87A4B82A1B1C6BBE00E36140 /* XMPPDigestMD5Authentication.h */ = {isa = PBXFileReference; fileEncoding = 4; lastKnownFileType = sourcecode.c.h; path = XMPPDigestMD5Authentication.h; sourceTree = "<group>"; };
		87A4B82B1B1C6BBE00E36140 /* XMPPDigestMD5Authentication.m */ = {isa = PBXFileReference; fileEncoding = 4; lastKnownFileType = sourcecode.c.objc; path = XMPPDigestMD5Authentication.m; sourceTree = "<group>"; };
		87A4B82D1B1C6BBE00E36140 /* XMPPPlainAuthentication.h */ = {isa = PBXFileReference; fileEncoding = 4; lastKnownFileType = sourcecode.c.h; path = XMPPPlainAuthentication.h; sourceTree = "<group>"; };
		87A4B82E1B1C6BBE00E36140 /* XMPPPlainAuthentication.m */ = {isa = PBXFileReference; fileEncoding = 4; lastKnownFileType = sourcecode.c.objc; path = XMPPPlainAuthentication.m; sourceTree = "<group>"; };
		87A4B8301B1C6BBE00E36140 /* XMPPSCRAMSHA1Authentication.h */ = {isa = PBXFileReference; fileEncoding = 4; lastKnownFileType = sourcecode.c.h; path = XMPPSCRAMSHA1Authentication.h; sourceTree = "<group>"; };
		87A4B8311B1C6BBE00E36140 /* XMPPSCRAMSHA1Authentication.m */ = {isa = PBXFileReference; fileEncoding = 4; lastKnownFileType = sourcecode.c.objc; path = XMPPSCRAMSHA1Authentication.m; sourceTree = "<group>"; };
		87A4B8331B1C6BBE00E36140 /* XMPPXFacebookPlatformAuthentication.h */ = {isa = PBXFileReference; fileEncoding = 4; lastKnownFileType = sourcecode.c.h; path = XMPPXFacebookPlatformAuthentication.h; sourceTree = "<group>"; };
		87A4B8341B1C6BBE00E36140 /* XMPPXFacebookPlatformAuthentication.m */ = {isa = PBXFileReference; fileEncoding = 4; lastKnownFileType = sourcecode.c.objc; path = XMPPXFacebookPlatformAuthentication.m; sourceTree = "<group>"; };
		87A4B8361B1C6BBE00E36140 /* XMPPXOAuth2Google.h */ = {isa = PBXFileReference; fileEncoding = 4; lastKnownFileType = sourcecode.c.h; path = XMPPXOAuth2Google.h; sourceTree = "<group>"; };
		87A4B8371B1C6BBE00E36140 /* XMPPXOAuth2Google.m */ = {isa = PBXFileReference; fileEncoding = 4; lastKnownFileType = sourcecode.c.objc; path = XMPPXOAuth2Google.m; sourceTree = "<group>"; };
		87A4B8381B1C6BBE00E36140 /* XMPPCustomBinding.h */ = {isa = PBXFileReference; fileEncoding = 4; lastKnownFileType = sourcecode.c.h; path = XMPPCustomBinding.h; sourceTree = "<group>"; };
		87A4B8391B1C6BBE00E36140 /* XMPPSASLAuthentication.h */ = {isa = PBXFileReference; fileEncoding = 4; lastKnownFileType = sourcecode.c.h; path = XMPPSASLAuthentication.h; sourceTree = "<group>"; };
		87A4B83B1B1C6BBE00E36140 /* NSData+XMPP.h */ = {isa = PBXFileReference; fileEncoding = 4; lastKnownFileType = sourcecode.c.h; path = "NSData+XMPP.h"; sourceTree = "<group>"; };
		87A4B83C1B1C6BBE00E36140 /* NSData+XMPP.m */ = {isa = PBXFileReference; fileEncoding = 4; lastKnownFileType = sourcecode.c.objc; path = "NSData+XMPP.m"; sourceTree = "<group>"; };
		87A4B83D1B1C6BBE00E36140 /* NSNumber+XMPP.h */ = {isa = PBXFileReference; fileEncoding = 4; lastKnownFileType = sourcecode.c.h; path = "NSNumber+XMPP.h"; sourceTree = "<group>"; };
		87A4B83E1B1C6BBE00E36140 /* NSNumber+XMPP.m */ = {isa = PBXFileReference; fileEncoding = 4; lastKnownFileType = sourcecode.c.objc; path = "NSNumber+XMPP.m"; sourceTree = "<group>"; };
		87A4B83F1B1C6BBE00E36140 /* NSXMLElement+XMPP.h */ = {isa = PBXFileReference; fileEncoding = 4; lastKnownFileType = sourcecode.c.h; path = "NSXMLElement+XMPP.h"; sourceTree = "<group>"; };
		87A4B8401B1C6BBE00E36140 /* NSXMLElement+XMPP.m */ = {isa = PBXFileReference; fileEncoding = 4; lastKnownFileType = sourcecode.c.objc; path = "NSXMLElement+XMPP.m"; sourceTree = "<group>"; };
		87A4B8421B1C6BBE00E36140 /* XMPP.h */ = {isa = PBXFileReference; fileEncoding = 4; lastKnownFileType = sourcecode.c.h; path = XMPP.h; sourceTree = "<group>"; };
		87A4B8431B1C6BBE00E36140 /* XMPPConstants.h */ = {isa = PBXFileReference; fileEncoding = 4; lastKnownFileType = sourcecode.c.h; path = XMPPConstants.h; sourceTree = "<group>"; };
		87A4B8441B1C6BBE00E36140 /* XMPPConstants.m */ = {isa = PBXFileReference; fileEncoding = 4; lastKnownFileType = sourcecode.c.objc; path = XMPPConstants.m; sourceTree = "<group>"; };
		87A4B8451B1C6BBE00E36140 /* XMPPElement.h */ = {isa = PBXFileReference; fileEncoding = 4; lastKnownFileType = sourcecode.c.h; path = XMPPElement.h; sourceTree = "<group>"; };
		87A4B8461B1C6BBE00E36140 /* XMPPElement.m */ = {isa = PBXFileReference; fileEncoding = 4; lastKnownFileType = sourcecode.c.objc; path = XMPPElement.m; sourceTree = "<group>"; };
		87A4B8471B1C6BBE00E36140 /* XMPPInternal.h */ = {isa = PBXFileReference; fileEncoding = 4; lastKnownFileType = sourcecode.c.h; path = XMPPInternal.h; sourceTree = "<group>"; };
		87A4B8481B1C6BBE00E36140 /* XMPPIQ.h */ = {isa = PBXFileReference; fileEncoding = 4; lastKnownFileType = sourcecode.c.h; path = XMPPIQ.h; sourceTree = "<group>"; };
		87A4B8491B1C6BBE00E36140 /* XMPPIQ.m */ = {isa = PBXFileReference; fileEncoding = 4; lastKnownFileType = sourcecode.c.objc; path = XMPPIQ.m; sourceTree = "<group>"; };
		87A4B84A1B1C6BBE00E36140 /* XMPPJID.h */ = {isa = PBXFileReference; fileEncoding = 4; lastKnownFileType = sourcecode.c.h; path = XMPPJID.h; sourceTree = "<group>"; };
		87A4B84B1B1C6BBE00E36140 /* XMPPJID.m */ = {isa = PBXFileReference; fileEncoding = 4; lastKnownFileType = sourcecode.c.objc; path = XMPPJID.m; sourceTree = "<group>"; };
		87A4B84C1B1C6BBE00E36140 /* XMPPLogging.h */ = {isa = PBXFileReference; fileEncoding = 4; lastKnownFileType = sourcecode.c.h; path = XMPPLogging.h; sourceTree = "<group>"; };
		87A4B84D1B1C6BBE00E36140 /* XMPPMessage.h */ = {isa = PBXFileReference; fileEncoding = 4; lastKnownFileType = sourcecode.c.h; path = XMPPMessage.h; sourceTree = "<group>"; };
		87A4B84E1B1C6BBE00E36140 /* XMPPMessage.m */ = {isa = PBXFileReference; fileEncoding = 4; lastKnownFileType = sourcecode.c.objc; path = XMPPMessage.m; sourceTree = "<group>"; };
		87A4B84F1B1C6BBE00E36140 /* XMPPModule.h */ = {isa = PBXFileReference; fileEncoding = 4; lastKnownFileType = sourcecode.c.h; path = XMPPModule.h; sourceTree = "<group>"; };
		87A4B8501B1C6BBE00E36140 /* XMPPModule.m */ = {isa = PBXFileReference; fileEncoding = 4; lastKnownFileType = sourcecode.c.objc; path = XMPPModule.m; sourceTree = "<group>"; };
		87A4B8511B1C6BBE00E36140 /* XMPPParser.h */ = {isa = PBXFileReference; fileEncoding = 4; lastKnownFileType = sourcecode.c.h; path = XMPPParser.h; sourceTree = "<group>"; };
		87A4B8521B1C6BBE00E36140 /* XMPPParser.m */ = {isa = PBXFileReference; fileEncoding = 4; lastKnownFileType = sourcecode.c.objc; path = XMPPParser.m; sourceTree = "<group>"; };
		87A4B8531B1C6BBE00E36140 /* XMPPPresence.h */ = {isa = PBXFileReference; fileEncoding = 4; lastKnownFileType = sourcecode.c.h; path = XMPPPresence.h; sourceTree = "<group>"; };
		87A4B8541B1C6BBE00E36140 /* XMPPPresence.m */ = {isa = PBXFileReference; fileEncoding = 4; lastKnownFileType = sourcecode.c.objc; path = XMPPPresence.m; sourceTree = "<group>"; };
		87A4B8551B1C6BBE00E36140 /* XMPPStream.h */ = {isa = PBXFileReference; fileEncoding = 4; lastKnownFileType = sourcecode.c.h; path = XMPPStream.h; sourceTree = "<group>"; };
		87A4B8561B1C6BBE00E36140 /* XMPPStream.m */ = {isa = PBXFileReference; fileEncoding = 4; lastKnownFileType = sourcecode.c.objc; path = XMPPStream.m; sourceTree = "<group>"; };
		87A4B8581B1C6BBE00E36140 /* DDList.h */ = {isa = PBXFileReference; fileEncoding = 4; lastKnownFileType = sourcecode.c.h; path = DDList.h; sourceTree = "<group>"; };
		87A4B8591B1C6BBE00E36140 /* DDList.m */ = {isa = PBXFileReference; fileEncoding = 4; lastKnownFileType = sourcecode.c.objc; path = DDList.m; sourceTree = "<group>"; };
		87A4B85A1B1C6BBE00E36140 /* GCDMulticastDelegate.h */ = {isa = PBXFileReference; fileEncoding = 4; lastKnownFileType = sourcecode.c.h; path = GCDMulticastDelegate.h; sourceTree = "<group>"; };
		87A4B85B1B1C6BBE00E36140 /* GCDMulticastDelegate.m */ = {isa = PBXFileReference; fileEncoding = 4; lastKnownFileType = sourcecode.c.objc; path = GCDMulticastDelegate.m; sourceTree = "<group>"; };
		87A4B85C1B1C6BBE00E36140 /* RFImageToDataTransformer.h */ = {isa = PBXFileReference; fileEncoding = 4; lastKnownFileType = sourcecode.c.h; path = RFImageToDataTransformer.h; sourceTree = "<group>"; };
		87A4B85D1B1C6BBE00E36140 /* RFImageToDataTransformer.m */ = {isa = PBXFileReference; fileEncoding = 4; lastKnownFileType = sourcecode.c.objc; path = RFImageToDataTransformer.m; sourceTree = "<group>"; };
		87A4B85E1B1C6BBE00E36140 /* XMPPIDTracker.h */ = {isa = PBXFileReference; fileEncoding = 4; lastKnownFileType = sourcecode.c.h; path = XMPPIDTracker.h; sourceTree = "<group>"; };
		87A4B85F1B1C6BBE00E36140 /* XMPPIDTracker.m */ = {isa = PBXFileReference; fileEncoding = 4; lastKnownFileType = sourcecode.c.objc; path = XMPPIDTracker.m; sourceTree = "<group>"; };
		87A4B8601B1C6BBE00E36140 /* XMPPSRVResolver.h */ = {isa = PBXFileReference; fileEncoding = 4; lastKnownFileType = sourcecode.c.h; path = XMPPSRVResolver.h; sourceTree = "<group>"; };
		87A4B8611B1C6BBE00E36140 /* XMPPSRVResolver.m */ = {isa = PBXFileReference; fileEncoding = 4; lastKnownFileType = sourcecode.c.objc; path = XMPPSRVResolver.m; sourceTree = "<group>"; };
		87A4B8621B1C6BBE00E36140 /* XMPPStringPrep.h */ = {isa = PBXFileReference; fileEncoding = 4; lastKnownFileType = sourcecode.c.h; path = XMPPStringPrep.h; sourceTree = "<group>"; };
		87A4B8631B1C6BBE00E36140 /* XMPPStringPrep.m */ = {isa = PBXFileReference; fileEncoding = 4; lastKnownFileType = sourcecode.c.objc; path = XMPPStringPrep.m; sourceTree = "<group>"; };
		87A4B8641B1C6BBE00E36140 /* XMPPTimer.h */ = {isa = PBXFileReference; fileEncoding = 4; lastKnownFileType = sourcecode.c.h; path = XMPPTimer.h; sourceTree = "<group>"; };
		87A4B8651B1C6BBE00E36140 /* XMPPTimer.m */ = {isa = PBXFileReference; fileEncoding = 4; lastKnownFileType = sourcecode.c.objc; path = XMPPTimer.m; sourceTree = "<group>"; };
		87A4B8681B1C6BBE00E36140 /* GCDAsyncSocket.h */ = {isa = PBXFileReference; fileEncoding = 4; lastKnownFileType = sourcecode.c.h; path = GCDAsyncSocket.h; sourceTree = "<group>"; };
		87A4B8691B1C6BBE00E36140 /* GCDAsyncSocket.m */ = {isa = PBXFileReference; fileEncoding = 4; lastKnownFileType = sourcecode.c.objc; path = GCDAsyncSocket.m; sourceTree = "<group>"; };
		87A4B86B1B1C6BBE00E36140 /* DDAbstractDatabaseLogger.h */ = {isa = PBXFileReference; fileEncoding = 4; lastKnownFileType = sourcecode.c.h; path = DDAbstractDatabaseLogger.h; sourceTree = "<group>"; };
		87A4B86C1B1C6BBE00E36140 /* DDAbstractDatabaseLogger.m */ = {isa = PBXFileReference; fileEncoding = 4; lastKnownFileType = sourcecode.c.objc; path = DDAbstractDatabaseLogger.m; sourceTree = "<group>"; };
		87A4B86D1B1C6BBE00E36140 /* DDASLLogger.h */ = {isa = PBXFileReference; fileEncoding = 4; lastKnownFileType = sourcecode.c.h; path = DDASLLogger.h; sourceTree = "<group>"; };
		87A4B86E1B1C6BBE00E36140 /* DDASLLogger.m */ = {isa = PBXFileReference; fileEncoding = 4; lastKnownFileType = sourcecode.c.objc; path = DDASLLogger.m; sourceTree = "<group>"; };
		87A4B86F1B1C6BBE00E36140 /* DDFileLogger.h */ = {isa = PBXFileReference; fileEncoding = 4; lastKnownFileType = sourcecode.c.h; path = DDFileLogger.h; sourceTree = "<group>"; };
		87A4B8701B1C6BBE00E36140 /* DDFileLogger.m */ = {isa = PBXFileReference; fileEncoding = 4; lastKnownFileType = sourcecode.c.objc; path = DDFileLogger.m; sourceTree = "<group>"; };
		87A4B8711B1C6BBE00E36140 /* DDLog+LOGV.h */ = {isa = PBXFileReference; fileEncoding = 4; lastKnownFileType = sourcecode.c.h; path = "DDLog+LOGV.h"; sourceTree = "<group>"; };
		87A4B8721B1C6BBE00E36140 /* DDLog.h */ = {isa = PBXFileReference; fileEncoding = 4; lastKnownFileType = sourcecode.c.h; path = DDLog.h; sourceTree = "<group>"; };
		87A4B8731B1C6BBE00E36140 /* DDLog.m */ = {isa = PBXFileReference; fileEncoding = 4; lastKnownFileType = sourcecode.c.objc; path = DDLog.m; sourceTree = "<group>"; };
		87A4B8741B1C6BBE00E36140 /* DDTTYLogger.h */ = {isa = PBXFileReference; fileEncoding = 4; lastKnownFileType = sourcecode.c.h; path = DDTTYLogger.h; sourceTree = "<group>"; };
		87A4B8751B1C6BBE00E36140 /* DDTTYLogger.m */ = {isa = PBXFileReference; fileEncoding = 4; lastKnownFileType = sourcecode.c.objc; path = DDTTYLogger.m; sourceTree = "<group>"; };
		87A4B8771B1C6BBE00E36140 /* DDContextFilterLogFormatter.h */ = {isa = PBXFileReference; fileEncoding = 4; lastKnownFileType = sourcecode.c.h; path = DDContextFilterLogFormatter.h; sourceTree = "<group>"; };
		87A4B8781B1C6BBE00E36140 /* DDContextFilterLogFormatter.m */ = {isa = PBXFileReference; fileEncoding = 4; lastKnownFileType = sourcecode.c.objc; path = DDContextFilterLogFormatter.m; sourceTree = "<group>"; };
		87A4B8791B1C6BBE00E36140 /* DDDispatchQueueLogFormatter.h */ = {isa = PBXFileReference; fileEncoding = 4; lastKnownFileType = sourcecode.c.h; path = DDDispatchQueueLogFormatter.h; sourceTree = "<group>"; };
		87A4B87A1B1C6BBE00E36140 /* DDDispatchQueueLogFormatter.m */ = {isa = PBXFileReference; fileEncoding = 4; lastKnownFileType = sourcecode.c.objc; path = DDDispatchQueueLogFormatter.m; sourceTree = "<group>"; };
		87A4B87B1B1C6BBE00E36140 /* DDMultiFormatter.h */ = {isa = PBXFileReference; fileEncoding = 4; lastKnownFileType = sourcecode.c.h; path = DDMultiFormatter.h; sourceTree = "<group>"; };
		87A4B87C1B1C6BBE00E36140 /* DDMultiFormatter.m */ = {isa = PBXFileReference; fileEncoding = 4; lastKnownFileType = sourcecode.c.objc; path = DDMultiFormatter.m; sourceTree = "<group>"; };
		87A4B87D1B1C6BBE00E36140 /* README.txt */ = {isa = PBXFileReference; fileEncoding = 4; lastKnownFileType = text; path = README.txt; sourceTree = "<group>"; };
		87A4BC9C1B1C6BC300E36140 /* NSString+DDXML.h */ = {isa = PBXFileReference; fileEncoding = 4; lastKnownFileType = sourcecode.c.h; path = "NSString+DDXML.h"; sourceTree = "<group>"; };
		87A4BC9D1B1C6BC300E36140 /* NSString+DDXML.m */ = {isa = PBXFileReference; fileEncoding = 4; lastKnownFileType = sourcecode.c.objc; path = "NSString+DDXML.m"; sourceTree = "<group>"; };
		87A4BC9E1B1C6BC300E36140 /* DDXML.h */ = {isa = PBXFileReference; fileEncoding = 4; lastKnownFileType = sourcecode.c.h; path = DDXML.h; sourceTree = "<group>"; };
		87A4BC9F1B1C6BC300E36140 /* DDXMLDocument.h */ = {isa = PBXFileReference; fileEncoding = 4; lastKnownFileType = sourcecode.c.h; path = DDXMLDocument.h; sourceTree = "<group>"; };
		87A4BCA01B1C6BC300E36140 /* DDXMLDocument.m */ = {isa = PBXFileReference; fileEncoding = 4; lastKnownFileType = sourcecode.c.objc; path = DDXMLDocument.m; sourceTree = "<group>"; };
		87A4BCA11B1C6BC300E36140 /* DDXMLElement.h */ = {isa = PBXFileReference; fileEncoding = 4; lastKnownFileType = sourcecode.c.h; path = DDXMLElement.h; sourceTree = "<group>"; };
		87A4BCA21B1C6BC300E36140 /* DDXMLElement.m */ = {isa = PBXFileReference; fileEncoding = 4; lastKnownFileType = sourcecode.c.objc; path = DDXMLElement.m; sourceTree = "<group>"; };
		87A4BCA31B1C6BC300E36140 /* DDXMLNode.h */ = {isa = PBXFileReference; fileEncoding = 4; lastKnownFileType = sourcecode.c.h; path = DDXMLNode.h; sourceTree = "<group>"; };
		87A4BCA41B1C6BC300E36140 /* DDXMLNode.m */ = {isa = PBXFileReference; fileEncoding = 4; lastKnownFileType = sourcecode.c.objc; path = DDXMLNode.m; sourceTree = "<group>"; };
		87A4BCA61B1C6BC300E36140 /* DDXMLPrivate.h */ = {isa = PBXFileReference; fileEncoding = 4; lastKnownFileType = sourcecode.c.h; path = DDXMLPrivate.h; sourceTree = "<group>"; };
		87A4BCA81B1C6BC300E36140 /* build-libidn.sh */ = {isa = PBXFileReference; fileEncoding = 4; lastKnownFileType = text.script.sh; path = "build-libidn.sh"; sourceTree = "<group>"; };
		87A4BCA91B1C6BC300E36140 /* idn-int.h */ = {isa = PBXFileReference; fileEncoding = 4; lastKnownFileType = sourcecode.c.h; path = "idn-int.h"; sourceTree = "<group>"; };
		87A4BCAA1B1C6BC300E36140 /* libidn.a */ = {isa = PBXFileReference; lastKnownFileType = archive.ar; path = libidn.a; sourceTree = "<group>"; };
		87A4BCAB1B1C6BC300E36140 /* stringprep.h */ = {isa = PBXFileReference; fileEncoding = 4; lastKnownFileType = sourcecode.c.h; path = stringprep.h; sourceTree = "<group>"; };
/* End PBXFileReference section */

/* Begin PBXFrameworksBuildPhase section */
		87A4A5071B1C4A6100E36140 /* Frameworks */ = {
			isa = PBXFrameworksBuildPhase;
			buildActionMask = 2147483647;
			files = (
				87A4B0D91B1C5DC700E36140 /* CoreGraphics.framework in Frameworks */,
				87A4B0D71B1C5DBF00E36140 /* Foundation.framework in Frameworks */,
				87A4B0D51B1C5DB600E36140 /* UIKit.framework in Frameworks */,
				87A4B0D31B1C5DAF00E36140 /* libxml2.dylib in Frameworks */,
				87A4B0D11B1C5DA400E36140 /* CFNetwork.framework in Frameworks */,
				87A4B0CF1B1C5D9B00E36140 /* libresolv.dylib in Frameworks */,
				87A4B0CD1B1C5D8C00E36140 /* CoreData.framework in Frameworks */,
				87A4B0CB1B1C5D8300E36140 /* SystemConfiguration.framework in Frameworks */,
				87A4BEF61B1C6BC300E36140 /* libidn.a in Frameworks */,
				87A4B0C91B1C5D7500E36140 /* CoreLocation.framework in Frameworks */,
			);
			runOnlyForDeploymentPostprocessing = 0;
		};
		87A4A51F1B1C4A6100E36140 /* Frameworks */ = {
			isa = PBXFrameworksBuildPhase;
			buildActionMask = 2147483647;
			files = (
			);
			runOnlyForDeploymentPostprocessing = 0;
		};
/* End PBXFrameworksBuildPhase section */

/* Begin PBXGroup section */
		87A4A5011B1C4A6100E36140 = {
			isa = PBXGroup;
			children = (
				87A4B81E1B1C6BBE00E36140 /* XMPPFramework */,
				87A4B0DA1B1C5DDF00E36140 /* framework */,
				87A4A50C1B1C4A6100E36140 /* Weixin */,
				87A4A5251B1C4A6100E36140 /* WeixinTests */,
				87A4A50B1B1C4A6100E36140 /* Products */,
			);
			sourceTree = "<group>";
		};
		87A4A50B1B1C4A6100E36140 /* Products */ = {
			isa = PBXGroup;
			children = (
				87A4A50A1B1C4A6100E36140 /* Weixin.app */,
				87A4A5221B1C4A6100E36140 /* WeixinTests.xctest */,
			);
			name = Products;
			sourceTree = "<group>";
		};
		87A4A50C1B1C4A6100E36140 /* Weixin */ = {
			isa = PBXGroup;
			children = (
				87A4A5161B1C4A6100E36140 /* Main.storyboard */,
				87A4A50F1B1C4A6100E36140 /* AppDelegate.swift */,
				87A4A5341B1C505100E36140 /* LoginViewController.swift */,
				87A4A5361B1C523300E36140 /* ChatViewController.swift */,
				87A4A5321B1C4FB100E36140 /* BuudyListTableViewController.swift */,
				87A4A5381B1C53BB00E36140 /* Constants.swift */,
				87A4A5111B1C4A6100E36140 /* Weixin.xcdatamodeld */,
				87A4A50D1B1C4A6100E36140 /* Supporting Files */,
			);
			path = Weixin;
			sourceTree = "<group>";
		};
		87A4A50D1B1C4A6100E36140 /* Supporting Files */ = {
			isa = PBXGroup;
			children = (
				87A4B0E01B1C60BF00E36140 /* wxxmppHeader.h */,
				87A4A51B1B1C4A6100E36140 /* LaunchScreen.xib */,
				87A4A5191B1C4A6100E36140 /* Images.xcassets */,
				87A4A50E1B1C4A6100E36140 /* Info.plist */,
			);
			name = "Supporting Files";
			sourceTree = "<group>";
		};
		87A4A5251B1C4A6100E36140 /* WeixinTests */ = {
			isa = PBXGroup;
			children = (
				87A4A5281B1C4A6100E36140 /* WeixinTests.swift */,
				87A4A5261B1C4A6100E36140 /* Supporting Files */,
			);
			path = WeixinTests;
			sourceTree = "<group>";
		};
		87A4A5261B1C4A6100E36140 /* Supporting Files */ = {
			isa = PBXGroup;
			children = (
				87A4A5271B1C4A6100E36140 /* Info.plist */,
			);
			name = "Supporting Files";
			sourceTree = "<group>";
		};
		87A4B0DA1B1C5DDF00E36140 /* framework */ = {
			isa = PBXGroup;
			children = (
				87A4B0D81B1C5DC700E36140 /* CoreGraphics.framework */,
				87A4B0D61B1C5DBE00E36140 /* Foundation.framework */,
				87A4B0D41B1C5DB600E36140 /* UIKit.framework */,
				87A4B0D21B1C5DAF00E36140 /* libxml2.dylib */,
				87A4B0D01B1C5DA400E36140 /* CFNetwork.framework */,
				87A4B0CE1B1C5D9B00E36140 /* libresolv.dylib */,
				87A4B0CC1B1C5D8C00E36140 /* CoreData.framework */,
				87A4B0CA1B1C5D8300E36140 /* SystemConfiguration.framework */,
				87A4B0C81B1C5D7500E36140 /* CoreLocation.framework */,
			);
			name = framework;
			sourceTree = "<group>";
		};
		87A4B81E1B1C6BBE00E36140 /* XMPPFramework */ = {
			isa = PBXGroup;
			children = (
				87A4B81F1B1C6BBE00E36140 /* Authentication */,
				87A4B83A1B1C6BBE00E36140 /* Categories */,
				87A4B8411B1C6BBE00E36140 /* Core */,
				87A4B8571B1C6BBE00E36140 /* Utilities */,
				87A4B8661B1C6BBE00E36140 /* Vendor */,
			);
			path = XMPPFramework;
			sourceTree = "<group>";
		};
		87A4B81F1B1C6BBE00E36140 /* Authentication */ = {
			isa = PBXGroup;
			children = (
				87A4B8201B1C6BBE00E36140 /* Anonymous */,
				87A4B8231B1C6BBE00E36140 /* Deprecated-Digest */,
				87A4B8261B1C6BBE00E36140 /* Deprecated-Plain */,
				87A4B8291B1C6BBE00E36140 /* Digest-MD5 */,
				87A4B82C1B1C6BBE00E36140 /* Plain */,
				87A4B82F1B1C6BBE00E36140 /* SCRAM-SHA-1 */,
				87A4B8321B1C6BBE00E36140 /* X-Facebook-Platform */,
				87A4B8351B1C6BBE00E36140 /* X-OAuth2-Google */,
				87A4B8381B1C6BBE00E36140 /* XMPPCustomBinding.h */,
				87A4B8391B1C6BBE00E36140 /* XMPPSASLAuthentication.h */,
			);
			path = Authentication;
			sourceTree = "<group>";
		};
		87A4B8201B1C6BBE00E36140 /* Anonymous */ = {
			isa = PBXGroup;
			children = (
				87A4B8211B1C6BBE00E36140 /* XMPPAnonymousAuthentication.h */,
				87A4B8221B1C6BBE00E36140 /* XMPPAnonymousAuthentication.m */,
			);
			path = Anonymous;
			sourceTree = "<group>";
		};
		87A4B8231B1C6BBE00E36140 /* Deprecated-Digest */ = {
			isa = PBXGroup;
			children = (
				87A4B8241B1C6BBE00E36140 /* XMPPDeprecatedDigestAuthentication.h */,
				87A4B8251B1C6BBE00E36140 /* XMPPDeprecatedDigestAuthentication.m */,
			);
			path = "Deprecated-Digest";
			sourceTree = "<group>";
		};
		87A4B8261B1C6BBE00E36140 /* Deprecated-Plain */ = {
			isa = PBXGroup;
			children = (
				87A4B8271B1C6BBE00E36140 /* XMPPDeprecatedPlainAuthentication.h */,
				87A4B8281B1C6BBE00E36140 /* XMPPDeprecatedPlainAuthentication.m */,
			);
			path = "Deprecated-Plain";
			sourceTree = "<group>";
		};
		87A4B8291B1C6BBE00E36140 /* Digest-MD5 */ = {
			isa = PBXGroup;
			children = (
				87A4B82A1B1C6BBE00E36140 /* XMPPDigestMD5Authentication.h */,
				87A4B82B1B1C6BBE00E36140 /* XMPPDigestMD5Authentication.m */,
			);
			path = "Digest-MD5";
			sourceTree = "<group>";
		};
		87A4B82C1B1C6BBE00E36140 /* Plain */ = {
			isa = PBXGroup;
			children = (
				87A4B82D1B1C6BBE00E36140 /* XMPPPlainAuthentication.h */,
				87A4B82E1B1C6BBE00E36140 /* XMPPPlainAuthentication.m */,
			);
			path = Plain;
			sourceTree = "<group>";
		};
		87A4B82F1B1C6BBE00E36140 /* SCRAM-SHA-1 */ = {
			isa = PBXGroup;
			children = (
				87A4B8301B1C6BBE00E36140 /* XMPPSCRAMSHA1Authentication.h */,
				87A4B8311B1C6BBE00E36140 /* XMPPSCRAMSHA1Authentication.m */,
			);
			path = "SCRAM-SHA-1";
			sourceTree = "<group>";
		};
		87A4B8321B1C6BBE00E36140 /* X-Facebook-Platform */ = {
			isa = PBXGroup;
			children = (
				87A4B8331B1C6BBE00E36140 /* XMPPXFacebookPlatformAuthentication.h */,
				87A4B8341B1C6BBE00E36140 /* XMPPXFacebookPlatformAuthentication.m */,
			);
			path = "X-Facebook-Platform";
			sourceTree = "<group>";
		};
		87A4B8351B1C6BBE00E36140 /* X-OAuth2-Google */ = {
			isa = PBXGroup;
			children = (
				87A4B8361B1C6BBE00E36140 /* XMPPXOAuth2Google.h */,
				87A4B8371B1C6BBE00E36140 /* XMPPXOAuth2Google.m */,
			);
			path = "X-OAuth2-Google";
			sourceTree = "<group>";
		};
		87A4B83A1B1C6BBE00E36140 /* Categories */ = {
			isa = PBXGroup;
			children = (
				87A4B83B1B1C6BBE00E36140 /* NSData+XMPP.h */,
				87A4B83C1B1C6BBE00E36140 /* NSData+XMPP.m */,
				87A4B83D1B1C6BBE00E36140 /* NSNumber+XMPP.h */,
				87A4B83E1B1C6BBE00E36140 /* NSNumber+XMPP.m */,
				87A4B83F1B1C6BBE00E36140 /* NSXMLElement+XMPP.h */,
				87A4B8401B1C6BBE00E36140 /* NSXMLElement+XMPP.m */,
			);
			path = Categories;
			sourceTree = "<group>";
		};
		87A4B8411B1C6BBE00E36140 /* Core */ = {
			isa = PBXGroup;
			children = (
				87A4B8421B1C6BBE00E36140 /* XMPP.h */,
				87A4B8431B1C6BBE00E36140 /* XMPPConstants.h */,
				87A4B8441B1C6BBE00E36140 /* XMPPConstants.m */,
				87A4B8451B1C6BBE00E36140 /* XMPPElement.h */,
				87A4B8461B1C6BBE00E36140 /* XMPPElement.m */,
				87A4B8471B1C6BBE00E36140 /* XMPPInternal.h */,
				87A4B8481B1C6BBE00E36140 /* XMPPIQ.h */,
				87A4B8491B1C6BBE00E36140 /* XMPPIQ.m */,
				87A4B84A1B1C6BBE00E36140 /* XMPPJID.h */,
				87A4B84B1B1C6BBE00E36140 /* XMPPJID.m */,
				87A4B84C1B1C6BBE00E36140 /* XMPPLogging.h */,
				87A4B84D1B1C6BBE00E36140 /* XMPPMessage.h */,
				87A4B84E1B1C6BBE00E36140 /* XMPPMessage.m */,
				87A4B84F1B1C6BBE00E36140 /* XMPPModule.h */,
				87A4B8501B1C6BBE00E36140 /* XMPPModule.m */,
				87A4B8511B1C6BBE00E36140 /* XMPPParser.h */,
				87A4B8521B1C6BBE00E36140 /* XMPPParser.m */,
				87A4B8531B1C6BBE00E36140 /* XMPPPresence.h */,
				87A4B8541B1C6BBE00E36140 /* XMPPPresence.m */,
				87A4B8551B1C6BBE00E36140 /* XMPPStream.h */,
				87A4B8561B1C6BBE00E36140 /* XMPPStream.m */,
			);
			path = Core;
			sourceTree = "<group>";
		};
		87A4B8571B1C6BBE00E36140 /* Utilities */ = {
			isa = PBXGroup;
			children = (
				87A4B8581B1C6BBE00E36140 /* DDList.h */,
				87A4B8591B1C6BBE00E36140 /* DDList.m */,
				87A4B85A1B1C6BBE00E36140 /* GCDMulticastDelegate.h */,
				87A4B85B1B1C6BBE00E36140 /* GCDMulticastDelegate.m */,
				87A4B85C1B1C6BBE00E36140 /* RFImageToDataTransformer.h */,
				87A4B85D1B1C6BBE00E36140 /* RFImageToDataTransformer.m */,
				87A4B85E1B1C6BBE00E36140 /* XMPPIDTracker.h */,
				87A4B85F1B1C6BBE00E36140 /* XMPPIDTracker.m */,
				87A4B8601B1C6BBE00E36140 /* XMPPSRVResolver.h */,
				87A4B8611B1C6BBE00E36140 /* XMPPSRVResolver.m */,
				87A4B8621B1C6BBE00E36140 /* XMPPStringPrep.h */,
				87A4B8631B1C6BBE00E36140 /* XMPPStringPrep.m */,
				87A4B8641B1C6BBE00E36140 /* XMPPTimer.h */,
				87A4B8651B1C6BBE00E36140 /* XMPPTimer.m */,
			);
			path = Utilities;
			sourceTree = "<group>";
		};
		87A4B8661B1C6BBE00E36140 /* Vendor */ = {
			isa = PBXGroup;
			children = (
				87A4B8671B1C6BBE00E36140 /* CocoaAsyncSocket */,
				87A4B86A1B1C6BBE00E36140 /* CocoaLumberjack */,
				87A4BC9A1B1C6BC300E36140 /* KissXML */,
				87A4BCA71B1C6BC300E36140 /* libidn */,
			);
			path = Vendor;
			sourceTree = "<group>";
		};
		87A4B8671B1C6BBE00E36140 /* CocoaAsyncSocket */ = {
			isa = PBXGroup;
			children = (
				87A4B8681B1C6BBE00E36140 /* GCDAsyncSocket.h */,
				87A4B8691B1C6BBE00E36140 /* GCDAsyncSocket.m */,
			);
			path = CocoaAsyncSocket;
			sourceTree = "<group>";
		};
		87A4B86A1B1C6BBE00E36140 /* CocoaLumberjack */ = {
			isa = PBXGroup;
			children = (
				87A4B86B1B1C6BBE00E36140 /* DDAbstractDatabaseLogger.h */,
				87A4B86C1B1C6BBE00E36140 /* DDAbstractDatabaseLogger.m */,
				87A4B86D1B1C6BBE00E36140 /* DDASLLogger.h */,
				87A4B86E1B1C6BBE00E36140 /* DDASLLogger.m */,
				87A4B86F1B1C6BBE00E36140 /* DDFileLogger.h */,
				87A4B8701B1C6BBE00E36140 /* DDFileLogger.m */,
				87A4B8711B1C6BBE00E36140 /* DDLog+LOGV.h */,
				87A4B8721B1C6BBE00E36140 /* DDLog.h */,
				87A4B8731B1C6BBE00E36140 /* DDLog.m */,
				87A4B8741B1C6BBE00E36140 /* DDTTYLogger.h */,
				87A4B8751B1C6BBE00E36140 /* DDTTYLogger.m */,
				87A4B8761B1C6BBE00E36140 /* Extensions */,
			);
			path = CocoaLumberjack;
			sourceTree = "<group>";
		};
		87A4B8761B1C6BBE00E36140 /* Extensions */ = {
			isa = PBXGroup;
			children = (
				87A4B8771B1C6BBE00E36140 /* DDContextFilterLogFormatter.h */,
				87A4B8781B1C6BBE00E36140 /* DDContextFilterLogFormatter.m */,
				87A4B8791B1C6BBE00E36140 /* DDDispatchQueueLogFormatter.h */,
				87A4B87A1B1C6BBE00E36140 /* DDDispatchQueueLogFormatter.m */,
				87A4B87B1B1C6BBE00E36140 /* DDMultiFormatter.h */,
				87A4B87C1B1C6BBE00E36140 /* DDMultiFormatter.m */,
				87A4B87D1B1C6BBE00E36140 /* README.txt */,
			);
			path = Extensions;
			sourceTree = "<group>";
		};
		87A4BC9A1B1C6BC300E36140 /* KissXML */ = {
			isa = PBXGroup;
			children = (
				87A4BC9B1B1C6BC300E36140 /* Categories */,
				87A4BC9E1B1C6BC300E36140 /* DDXML.h */,
				87A4BC9F1B1C6BC300E36140 /* DDXMLDocument.h */,
				87A4BCA01B1C6BC300E36140 /* DDXMLDocument.m */,
				87A4BCA11B1C6BC300E36140 /* DDXMLElement.h */,
				87A4BCA21B1C6BC300E36140 /* DDXMLElement.m */,
				87A4BCA31B1C6BC300E36140 /* DDXMLNode.h */,
				87A4BCA41B1C6BC300E36140 /* DDXMLNode.m */,
				87A4BCA51B1C6BC300E36140 /* Private */,
			);
			path = KissXML;
			sourceTree = "<group>";
		};
		87A4BC9B1B1C6BC300E36140 /* Categories */ = {
			isa = PBXGroup;
			children = (
				87A4BC9C1B1C6BC300E36140 /* NSString+DDXML.h */,
				87A4BC9D1B1C6BC300E36140 /* NSString+DDXML.m */,
			);
			path = Categories;
			sourceTree = "<group>";
		};
		87A4BCA51B1C6BC300E36140 /* Private */ = {
			isa = PBXGroup;
			children = (
				87A4BCA61B1C6BC300E36140 /* DDXMLPrivate.h */,
			);
			path = Private;
			sourceTree = "<group>";
		};
		87A4BCA71B1C6BC300E36140 /* libidn */ = {
			isa = PBXGroup;
			children = (
				87A4BCA81B1C6BC300E36140 /* build-libidn.sh */,
				87A4BCA91B1C6BC300E36140 /* idn-int.h */,
				87A4BCAA1B1C6BC300E36140 /* libidn.a */,
				87A4BCAB1B1C6BC300E36140 /* stringprep.h */,
			);
			path = libidn;
			sourceTree = "<group>";
		};
/* End PBXGroup section */

/* Begin PBXNativeTarget section */
		87A4A5091B1C4A6100E36140 /* Weixin */ = {
			isa = PBXNativeTarget;
			buildConfigurationList = 87A4A52C1B1C4A6100E36140 /* Build configuration list for PBXNativeTarget "Weixin" */;
			buildPhases = (
				87A4A5061B1C4A6100E36140 /* Sources */,
				87A4A5071B1C4A6100E36140 /* Frameworks */,
				87A4A5081B1C4A6100E36140 /* Resources */,
			);
			buildRules = (
			);
			dependencies = (
			);
			name = Weixin;
			productName = Weixin;
			productReference = 87A4A50A1B1C4A6100E36140 /* Weixin.app */;
			productType = "com.apple.product-type.application";
		};
		87A4A5211B1C4A6100E36140 /* WeixinTests */ = {
			isa = PBXNativeTarget;
			buildConfigurationList = 87A4A52F1B1C4A6100E36140 /* Build configuration list for PBXNativeTarget "WeixinTests" */;
			buildPhases = (
				87A4A51E1B1C4A6100E36140 /* Sources */,
				87A4A51F1B1C4A6100E36140 /* Frameworks */,
				87A4A5201B1C4A6100E36140 /* Resources */,
			);
			buildRules = (
			);
			dependencies = (
				87A4A5241B1C4A6100E36140 /* PBXTargetDependency */,
			);
			name = WeixinTests;
			productName = WeixinTests;
			productReference = 87A4A5221B1C4A6100E36140 /* WeixinTests.xctest */;
			productType = "com.apple.product-type.bundle.unit-test";
		};
/* End PBXNativeTarget section */

/* Begin PBXProject section */
		87A4A5021B1C4A6100E36140 /* Project object */ = {
			isa = PBXProject;
			attributes = {
				LastUpgradeCheck = 0630;
				ORGANIZATIONNAME = Snow;
				TargetAttributes = {
					87A4A5091B1C4A6100E36140 = {
						CreatedOnToolsVersion = 6.3.1;
					};
					87A4A5211B1C4A6100E36140 = {
						CreatedOnToolsVersion = 6.3.1;
						TestTargetID = 87A4A5091B1C4A6100E36140;
					};
				};
			};
			buildConfigurationList = 87A4A5051B1C4A6100E36140 /* Build configuration list for PBXProject "Weixin" */;
			compatibilityVersion = "Xcode 3.2";
			developmentRegion = English;
			hasScannedForEncodings = 0;
			knownRegions = (
				en,
				Base,
				he,
				English,
			);
			mainGroup = 87A4A5011B1C4A6100E36140;
			productRefGroup = 87A4A50B1B1C4A6100E36140 /* Products */;
			projectDirPath = "";
			projectRoot = "";
			targets = (
				87A4A5091B1C4A6100E36140 /* Weixin */,
				87A4A5211B1C4A6100E36140 /* WeixinTests */,
			);
		};
/* End PBXProject section */

/* Begin PBXResourcesBuildPhase section */
		87A4A5081B1C4A6100E36140 /* Resources */ = {
			isa = PBXResourcesBuildPhase;
			buildActionMask = 2147483647;
			files = (
				87A4BEF51B1C6BC300E36140 /* build-libidn.sh in Resources */,
				87A4A5181B1C4A6100E36140 /* Main.storyboard in Resources */,
				87A4A51D1B1C4A6100E36140 /* LaunchScreen.xib in Resources */,
				87A4BCD01B1C6BC300E36140 /* README.txt in Resources */,
				87A4A51A1B1C4A6100E36140 /* Images.xcassets in Resources */,
			);
			runOnlyForDeploymentPostprocessing = 0;
		};
		87A4A5201B1C4A6100E36140 /* Resources */ = {
			isa = PBXResourcesBuildPhase;
			buildActionMask = 2147483647;
			files = (
			);
			runOnlyForDeploymentPostprocessing = 0;
		};
/* End PBXResourcesBuildPhase section */

/* Begin PBXSourcesBuildPhase section */
		87A4A5061B1C4A6100E36140 /* Sources */ = {
			isa = PBXSourcesBuildPhase;
			buildActionMask = 2147483647;
			files = (
				87A4BCAE1B1C6BC300E36140 /* XMPPDeprecatedPlainAuthentication.m in Sources */,
				87A4BCC41B1C6BC300E36140 /* XMPPSRVResolver.m in Sources */,
				87A4BCBA1B1C6BC300E36140 /* XMPPJID.m in Sources */,
				87A4BCCE1B1C6BC300E36140 /* DDDispatchQueueLogFormatter.m in Sources */,
				87A4BCBB1B1C6BC300E36140 /* XMPPMessage.m in Sources */,
				87A4BCC81B1C6BC300E36140 /* DDAbstractDatabaseLogger.m in Sources */,
				87A4BCB41B1C6BC300E36140 /* NSData+XMPP.m in Sources */,
				87A4BCCC1B1C6BC300E36140 /* DDTTYLogger.m in Sources */,
				87A4BCC31B1C6BC300E36140 /* XMPPIDTracker.m in Sources */,
				87A4BCB91B1C6BC300E36140 /* XMPPIQ.m in Sources */,
				87A4A5331B1C4FB100E36140 /* BuudyListTableViewController.swift in Sources */,
				87A4BCAC1B1C6BC300E36140 /* XMPPAnonymousAuthentication.m in Sources */,
				87A4BCC01B1C6BC300E36140 /* DDList.m in Sources */,
				87A4BCB51B1C6BC300E36140 /* NSNumber+XMPP.m in Sources */,
				87A4BCAF1B1C6BC300E36140 /* XMPPDigestMD5Authentication.m in Sources */,
				87A4BCC61B1C6BC300E36140 /* XMPPTimer.m in Sources */,
				87A4BCBD1B1C6BC300E36140 /* XMPPParser.m in Sources */,
				87A4BCB11B1C6BC300E36140 /* XMPPSCRAMSHA1Authentication.m in Sources */,
				87A4BCC11B1C6BC300E36140 /* GCDMulticastDelegate.m in Sources */,
				87A4A5101B1C4A6100E36140 /* AppDelegate.swift in Sources */,
				87A4BCCB1B1C6BC300E36140 /* DDLog.m in Sources */,
				87A4BEF21B1C6BC300E36140 /* DDXMLDocument.m in Sources */,
				87A4A5351B1C505100E36140 /* LoginViewController.swift in Sources */,
				87A4A5371B1C523300E36140 /* ChatViewController.swift in Sources */,
				87A4BCAD1B1C6BC300E36140 /* XMPPDeprecatedDigestAuthentication.m in Sources */,
				87A4BCCF1B1C6BC300E36140 /* DDMultiFormatter.m in Sources */,
				87A4BCB61B1C6BC300E36140 /* NSXMLElement+XMPP.m in Sources */,
				87A4BCBF1B1C6BC300E36140 /* XMPPStream.m in Sources */,
				87A4BCCD1B1C6BC300E36140 /* DDContextFilterLogFormatter.m in Sources */,
				87A4BEF31B1C6BC300E36140 /* DDXMLElement.m in Sources */,
				87A4BCC71B1C6BC300E36140 /* GCDAsyncSocket.m in Sources */,
				87A4BEF41B1C6BC300E36140 /* DDXMLNode.m in Sources */,
				87A4BCC21B1C6BC300E36140 /* RFImageToDataTransformer.m in Sources */,
				87A4BCCA1B1C6BC300E36140 /* DDFileLogger.m in Sources */,
				87A4BCBC1B1C6BC300E36140 /* XMPPModule.m in Sources */,
				87A4BCB71B1C6BC300E36140 /* XMPPConstants.m in Sources */,
				87A4BCB01B1C6BC300E36140 /* XMPPPlainAuthentication.m in Sources */,
				87A4BCB21B1C6BC300E36140 /* XMPPXFacebookPlatformAuthentication.m in Sources */,
				87A4A5131B1C4A6100E36140 /* Weixin.xcdatamodeld in Sources */,
				87A4BCB81B1C6BC300E36140 /* XMPPElement.m in Sources */,
				87A4A5391B1C53BB00E36140 /* Constants.swift in Sources */,
				87A4BCC91B1C6BC300E36140 /* DDASLLogger.m in Sources */,
				87A4BCB31B1C6BC300E36140 /* XMPPXOAuth2Google.m in Sources */,
				87A4BCC51B1C6BC300E36140 /* XMPPStringPrep.m in Sources */,
				87A4BEF11B1C6BC300E36140 /* NSString+DDXML.m in Sources */,
				87A4BCBE1B1C6BC300E36140 /* XMPPPresence.m in Sources */,
			);
			runOnlyForDeploymentPostprocessing = 0;
		};
		87A4A51E1B1C4A6100E36140 /* Sources */ = {
			isa = PBXSourcesBuildPhase;
			buildActionMask = 2147483647;
			files = (
				87A4A5291B1C4A6100E36140 /* WeixinTests.swift in Sources */,
			);
			runOnlyForDeploymentPostprocessing = 0;
		};
/* End PBXSourcesBuildPhase section */

/* Begin PBXTargetDependency section */
		87A4A5241B1C4A6100E36140 /* PBXTargetDependency */ = {
			isa = PBXTargetDependency;
			target = 87A4A5091B1C4A6100E36140 /* Weixin */;
			targetProxy = 87A4A5231B1C4A6100E36140 /* PBXContainerItemProxy */;
		};
/* End PBXTargetDependency section */

/* Begin PBXVariantGroup section */
		87A4A5161B1C4A6100E36140 /* Main.storyboard */ = {
			isa = PBXVariantGroup;
			children = (
				87A4A5171B1C4A6100E36140 /* Base */,
			);
			name = Main.storyboard;
			sourceTree = "<group>";
		};
		87A4A51B1B1C4A6100E36140 /* LaunchScreen.xib */ = {
			isa = PBXVariantGroup;
			children = (
				87A4A51C1B1C4A6100E36140 /* Base */,
			);
			name = LaunchScreen.xib;
			sourceTree = "<group>";
		};
/* End PBXVariantGroup section */

/* Begin XCBuildConfiguration section */
		87A4A52A1B1C4A6100E36140 /* Debug */ = {
			isa = XCBuildConfiguration;
			buildSettings = {
				ALWAYS_SEARCH_USER_PATHS = NO;
				CLANG_CXX_LANGUAGE_STANDARD = "gnu++0x";
				CLANG_CXX_LIBRARY = "libc++";
				CLANG_ENABLE_MODULES = YES;
				CLANG_ENABLE_OBJC_ARC = YES;
				CLANG_WARN_BOOL_CONVERSION = YES;
				CLANG_WARN_CONSTANT_CONVERSION = YES;
				CLANG_WARN_DIRECT_OBJC_ISA_USAGE = YES_ERROR;
				CLANG_WARN_EMPTY_BODY = YES;
				CLANG_WARN_ENUM_CONVERSION = YES;
				CLANG_WARN_INT_CONVERSION = YES;
				CLANG_WARN_OBJC_ROOT_CLASS = YES_ERROR;
				CLANG_WARN_UNREACHABLE_CODE = YES;
				CLANG_WARN__DUPLICATE_METHOD_MATCH = YES;
				"CODE_SIGN_IDENTITY[sdk=iphoneos*]" = "iPhone Developer";
				COPY_PHASE_STRIP = NO;
				DEBUG_INFORMATION_FORMAT = "dwarf-with-dsym";
				ENABLE_STRICT_OBJC_MSGSEND = YES;
				GCC_C_LANGUAGE_STANDARD = gnu99;
				GCC_DYNAMIC_NO_PIC = NO;
				GCC_NO_COMMON_BLOCKS = YES;
				GCC_OPTIMIZATION_LEVEL = 0;
				GCC_PREPROCESSOR_DEFINITIONS = (
					"DEBUG=1",
					"$(inherited)",
				);
				GCC_SYMBOLS_PRIVATE_EXTERN = NO;
				GCC_WARN_64_TO_32_BIT_CONVERSION = YES;
				GCC_WARN_ABOUT_RETURN_TYPE = YES_ERROR;
				GCC_WARN_UNDECLARED_SELECTOR = YES;
				GCC_WARN_UNINITIALIZED_AUTOS = YES_AGGRESSIVE;
				GCC_WARN_UNUSED_FUNCTION = YES;
				GCC_WARN_UNUSED_VARIABLE = YES;
				IPHONEOS_DEPLOYMENT_TARGET = 8.3;
				MTL_ENABLE_DEBUG_INFO = YES;
				ONLY_ACTIVE_ARCH = YES;
				SDKROOT = iphoneos;
				SWIFT_OPTIMIZATION_LEVEL = "-Onone";
			};
			name = Debug;
		};
		87A4A52B1B1C4A6100E36140 /* Release */ = {
			isa = XCBuildConfiguration;
			buildSettings = {
				ALWAYS_SEARCH_USER_PATHS = NO;
				CLANG_CXX_LANGUAGE_STANDARD = "gnu++0x";
				CLANG_CXX_LIBRARY = "libc++";
				CLANG_ENABLE_MODULES = YES;
				CLANG_ENABLE_OBJC_ARC = YES;
				CLANG_WARN_BOOL_CONVERSION = YES;
				CLANG_WARN_CONSTANT_CONVERSION = YES;
				CLANG_WARN_DIRECT_OBJC_ISA_USAGE = YES_ERROR;
				CLANG_WARN_EMPTY_BODY = YES;
				CLANG_WARN_ENUM_CONVERSION = YES;
				CLANG_WARN_INT_CONVERSION = YES;
				CLANG_WARN_OBJC_ROOT_CLASS = YES_ERROR;
				CLANG_WARN_UNREACHABLE_CODE = YES;
				CLANG_WARN__DUPLICATE_METHOD_MATCH = YES;
				"CODE_SIGN_IDENTITY[sdk=iphoneos*]" = "iPhone Developer";
				COPY_PHASE_STRIP = NO;
				DEBUG_INFORMATION_FORMAT = "dwarf-with-dsym";
				ENABLE_NS_ASSERTIONS = NO;
				ENABLE_STRICT_OBJC_MSGSEND = YES;
				GCC_C_LANGUAGE_STANDARD = gnu99;
				GCC_NO_COMMON_BLOCKS = YES;
				GCC_WARN_64_TO_32_BIT_CONVERSION = YES;
				GCC_WARN_ABOUT_RETURN_TYPE = YES_ERROR;
				GCC_WARN_UNDECLARED_SELECTOR = YES;
				GCC_WARN_UNINITIALIZED_AUTOS = YES_AGGRESSIVE;
				GCC_WARN_UNUSED_FUNCTION = YES;
				GCC_WARN_UNUSED_VARIABLE = YES;
				IPHONEOS_DEPLOYMENT_TARGET = 8.3;
				MTL_ENABLE_DEBUG_INFO = NO;
				SDKROOT = iphoneos;
				VALIDATE_PRODUCT = YES;
			};
			name = Release;
		};
		87A4A52D1B1C4A6100E36140 /* Debug */ = {
			isa = XCBuildConfiguration;
			buildSettings = {
				ASSETCATALOG_COMPILER_APPICON_NAME = AppIcon;
				HEADER_SEARCH_PATHS = (
					"$(inherited)",
					/Applications/Xcode.app/Contents/Developer/Toolchains/XcodeDefault.xctoolchain/usr/include,
					/usr/include/libxml2,
					"$(PROJECT_DIR)/XMPPFramework/Core",
				);
				INFOPLIST_FILE = Weixin/Info.plist;
				LD_RUNPATH_SEARCH_PATHS = "$(inherited) @executable_path/Frameworks";
				LIBRARY_SEARCH_PATHS = (
					"$(inherited)",
					"$(PROJECT_DIR)/XMPPFramework/Vendor/facebook-ios-sdk/vendor/OCMock/Examples/iOS5Example/usr/lib",
					"$(PROJECT_DIR)/XMPPFramework/Vendor/facebook-ios-sdk/vendor/OCMock/Examples/iPhoneExample/Libraries",
					"$(PROJECT_DIR)/XMPPFramework/Vendor/libidn",
					"$(PROJECT_DIR)/Vendor/facebook-ios-sdk/vendor/OCMock/Examples/iOS5Example/usr/lib",
					"$(PROJECT_DIR)/Vendor/facebook-ios-sdk/vendor/OCMock/Examples/iPhoneExample/Libraries",
					"$(PROJECT_DIR)/Vendor/libidn",
				);
				PRODUCT_NAME = "$(TARGET_NAME)";
				SWIFT_OBJC_BRIDGING_HEADER = wxxmppHeader.h;
			};
			name = Debug;
		};
		87A4A52E1B1C4A6100E36140 /* Release */ = {
			isa = XCBuildConfiguration;
			buildSettings = {
				ASSETCATALOG_COMPILER_APPICON_NAME = AppIcon;
				HEADER_SEARCH_PATHS = (
					"$(inherited)",
					/Applications/Xcode.app/Contents/Developer/Toolchains/XcodeDefault.xctoolchain/usr/include,
					/usr/include/libxml2,
					"$(PROJECT_DIR)/XMPPFramework/Core",
				);
				INFOPLIST_FILE = Weixin/Info.plist;
				LD_RUNPATH_SEARCH_PATHS = "$(inherited) @executable_path/Frameworks";
				LIBRARY_SEARCH_PATHS = (
					"$(inherited)",
					"$(PROJECT_DIR)/XMPPFramework/Vendor/facebook-ios-sdk/vendor/OCMock/Examples/iOS5Example/usr/lib",
					"$(PROJECT_DIR)/XMPPFramework/Vendor/facebook-ios-sdk/vendor/OCMock/Examples/iPhoneExample/Libraries",
					"$(PROJECT_DIR)/XMPPFramework/Vendor/libidn",
					"$(PROJECT_DIR)/Vendor/facebook-ios-sdk/vendor/OCMock/Examples/iOS5Example/usr/lib",
					"$(PROJECT_DIR)/Vendor/facebook-ios-sdk/vendor/OCMock/Examples/iPhoneExample/Libraries",
					"$(PROJECT_DIR)/Vendor/libidn",
				);
				PRODUCT_NAME = "$(TARGET_NAME)";
				SWIFT_OBJC_BRIDGING_HEADER = wxxmppHeader.h;
			};
			name = Release;
		};
		87A4A5301B1C4A6100E36140 /* Debug */ = {
			isa = XCBuildConfiguration;
			buildSettings = {
				BUNDLE_LOADER = "$(TEST_HOST)";
				FRAMEWORK_SEARCH_PATHS = (
					"$(SDKROOT)/Developer/Library/Frameworks",
					"$(inherited)",
				);
				GCC_PREPROCESSOR_DEFINITIONS = (
					"DEBUG=1",
					"$(inherited)",
				);
				INFOPLIST_FILE = WeixinTests/Info.plist;
				LD_RUNPATH_SEARCH_PATHS = "$(inherited) @executable_path/Frameworks @loader_path/Frameworks";
				PRODUCT_NAME = "$(TARGET_NAME)";
				TEST_HOST = "$(BUILT_PRODUCTS_DIR)/Weixin.app/Weixin";
			};
			name = Debug;
		};
		87A4A5311B1C4A6100E36140 /* Release */ = {
			isa = XCBuildConfiguration;
			buildSettings = {
				BUNDLE_LOADER = "$(TEST_HOST)";
				FRAMEWORK_SEARCH_PATHS = (
					"$(SDKROOT)/Developer/Library/Frameworks",
					"$(inherited)",
				);
				INFOPLIST_FILE = WeixinTests/Info.plist;
				LD_RUNPATH_SEARCH_PATHS = "$(inherited) @executable_path/Frameworks @loader_path/Frameworks";
				PRODUCT_NAME = "$(TARGET_NAME)";
				TEST_HOST = "$(BUILT_PRODUCTS_DIR)/Weixin.app/Weixin";
			};
			name = Release;
		};
/* End XCBuildConfiguration section */

/* Begin XCConfigurationList section */
		87A4A5051B1C4A6100E36140 /* Build configuration list for PBXProject "Weixin" */ = {
			isa = XCConfigurationList;
			buildConfigurations = (
				87A4A52A1B1C4A6100E36140 /* Debug */,
				87A4A52B1B1C4A6100E36140 /* Release */,
			);
			defaultConfigurationIsVisible = 0;
			defaultConfigurationName = Release;
		};
		87A4A52C1B1C4A6100E36140 /* Build configuration list for PBXNativeTarget "Weixin" */ = {
			isa = XCConfigurationList;
			buildConfigurations = (
				87A4A52D1B1C4A6100E36140 /* Debug */,
				87A4A52E1B1C4A6100E36140 /* Release */,
			);
			defaultConfigurationIsVisible = 0;
			defaultConfigurationName = Release;
		};
		87A4A52F1B1C4A6100E36140 /* Build configuration list for PBXNativeTarget "WeixinTests" */ = {
			isa = XCConfigurationList;
			buildConfigurations = (
				87A4A5301B1C4A6100E36140 /* Debug */,
				87A4A5311B1C4A6100E36140 /* Release */,
			);
			defaultConfigurationIsVisible = 0;
			defaultConfigurationName = Release;
		};
/* End XCConfigurationList section */

/* Begin XCVersionGroup section */
		87A4A5111B1C4A6100E36140 /* Weixin.xcdatamodeld */ = {
			isa = XCVersionGroup;
			children = (
				87A4A5121B1C4A6100E36140 /* Weixin.xcdatamodel */,
			);
			currentVersion = 87A4A5121B1C4A6100E36140 /* Weixin.xcdatamodel */;
			path = Weixin.xcdatamodeld;
			sourceTree = "<group>";
			versionGroupType = wrapper.xcdatamodel;
		};
/* End XCVersionGroup section */
	};
	rootObject = 87A4A5021B1C4A6100E36140 /* Project object */;
}
